// !$*UTF8*$!
{
	archiveVersion = 1;
	classes = {
	};
	objectVersion = 55;
	objects = {

/* Begin PBXBuildFile section */
		2B32E7BE2D94809700C92C75 /* PsyConnectApp.swift in Sources */ = {isa = PBXBuildFile; fileRef = 2B32E7BD2D94809700C92C75 /* PsyConnectApp.swift */; };
		2B32E7C02D94809700C92C75 /* ContentView.swift in Sources */ = {isa = PBXBuildFile; fileRef = 2B32E7BF2D94809700C92C75 /* ContentView.swift */; };
		2B32E7C22D94809800C92C75 /* Assets.xcassets in Resources */ = {isa = PBXBuildFile; fileRef = 2B32E7C12D94809800C92C75 /* Assets.xcassets */; };
		2B32E7C52D94809900C92C75 /* Preview Assets.xcassets in Resources */ = {isa = PBXBuildFile; fileRef = 2B32E7C42D94809900C92C75 /* Preview Assets.xcassets */; };
		2B32E7C72D94809900C92C75 /* Persistence.swift in Sources */ = {isa = PBXBuildFile; fileRef = 2B32E7C62D94809900C92C75 /* Persistence.swift */; };
		2B32E7CA2D94809900C92C75 /* PsyConnect.xcdatamodeld in Sources */ = {isa = PBXBuildFile; fileRef = 2B32E7C82D94809900C92C75 /* PsyConnect.xcdatamodeld */; };
		2B32E7D42D94809900C92C75 /* PsyConnectTests.swift in Sources */ = {isa = PBXBuildFile; fileRef = 2B32E7D32D94809900C92C75 /* PsyConnectTests.swift */; };
		2B32E7DE2D94809900C92C75 /* PsyConnectUITests.swift in Sources */ = {isa = PBXBuildFile; fileRef = 2B32E7DD2D94809900C92C75 /* PsyConnectUITests.swift */; };
		2B32E7E02D94809900C92C75 /* PsyConnectUITestsLaunchTests.swift in Sources */ = {isa = PBXBuildFile; fileRef = 2B32E7DF2D94809900C92C75 /* PsyConnectUITestsLaunchTests.swift */; };
/* End PBXBuildFile section */

/* Begin PBXContainerItemProxy section */
		2B32E7D02D94809900C92C75 /* PBXContainerItemProxy */ = {
			isa = PBXContainerItemProxy;
			containerPortal = 2B32E7B22D94809700C92C75 /* Project object */;
			proxyType = 1;
			remoteGlobalIDString = 2B32E7B92D94809700C92C75;
			remoteInfo = PsyConnect;
		};
		2B32E7DA2D94809900C92C75 /* PBXContainerItemProxy */ = {
			isa = PBXContainerItemProxy;
			containerPortal = 2B32E7B22D94809700C92C75 /* Project object */;
			proxyType = 1;
			remoteGlobalIDString = 2B32E7B92D94809700C92C75;
			remoteInfo = PsyConnect;
		};
/* End PBXContainerItemProxy section */

/* Begin PBXFileReference section */
		2B32E7BA2D94809700C92C75 /* PsyConnect.app */ = {isa = PBXFileReference; explicitFileType = wrapper.application; includeInIndex = 0; path = PsyConnect.app; sourceTree = BUILT_PRODUCTS_DIR; };
		2B32E7BD2D94809700C92C75 /* PsyConnectApp.swift */ = {isa = PBXFileReference; lastKnownFileType = sourcecode.swift; path = PsyConnectApp.swift; sourceTree = "<group>"; };
		2B32E7BF2D94809700C92C75 /* ContentView.swift */ = {isa = PBXFileReference; lastKnownFileType = sourcecode.swift; path = ContentView.swift; sourceTree = "<group>"; };
		2B32E7C12D94809800C92C75 /* Assets.xcassets */ = {isa = PBXFileReference; lastKnownFileType = folder.assetcatalog; path = Assets.xcassets; sourceTree = "<group>"; };
		2B32E7C42D94809900C92C75 /* Preview Assets.xcassets */ = {isa = PBXFileReference; lastKnownFileType = folder.assetcatalog; path = "Preview Assets.xcassets"; sourceTree = "<group>"; };
		2B32E7C62D94809900C92C75 /* Persistence.swift */ = {isa = PBXFileReference; lastKnownFileType = sourcecode.swift; path = Persistence.swift; sourceTree = "<group>"; };
		2B32E7C92D94809900C92C75 /* PsyConnect.xcdatamodel */ = {isa = PBXFileReference; lastKnownFileType = wrapper.xcdatamodel; path = PsyConnect.xcdatamodel; sourceTree = "<group>"; };
		2B32E7CF2D94809900C92C75 /* PsyConnectTests.xctest */ = {isa = PBXFileReference; explicitFileType = wrapper.cfbundle; includeInIndex = 0; path = PsyConnectTests.xctest; sourceTree = BUILT_PRODUCTS_DIR; };
		2B32E7D32D94809900C92C75 /* PsyConnectTests.swift */ = {isa = PBXFileReference; lastKnownFileType = sourcecode.swift; path = PsyConnectTests.swift; sourceTree = "<group>"; };
		2B32E7D92D94809900C92C75 /* PsyConnectUITests.xctest */ = {isa = PBXFileReference; explicitFileType = wrapper.cfbundle; includeInIndex = 0; path = PsyConnectUITests.xctest; sourceTree = BUILT_PRODUCTS_DIR; };
		2B32E7DD2D94809900C92C75 /* PsyConnectUITests.swift */ = {isa = PBXFileReference; lastKnownFileType = sourcecode.swift; path = PsyConnectUITests.swift; sourceTree = "<group>"; };
		2B32E7DF2D94809900C92C75 /* PsyConnectUITestsLaunchTests.swift */ = {isa = PBXFileReference; lastKnownFileType = sourcecode.swift; path = PsyConnectUITestsLaunchTests.swift; sourceTree = "<group>"; };
		2BB67E1E2D9C54D6009F8E3D /* aws-sdk-swift */ = {isa = PBXFileReference; lastKnownFileType = wrapper; name = "aws-sdk-swift"; path = "../../../aws-sdk-swift/aws-sdk-swift"; sourceTree = "<group>"; };
/* End PBXFileReference section */

/* Begin PBXFrameworksBuildPhase section */
		2B32E7B72D94809700C92C75 /* Frameworks */ = {
			isa = PBXFrameworksBuildPhase;
			buildActionMask = 2147483647;
			files = (
			);
			runOnlyForDeploymentPostprocessing = 0;
		};
		2B32E7CC2D94809900C92C75 /* Frameworks */ = {
			isa = PBXFrameworksBuildPhase;
			buildActionMask = 2147483647;
			files = (
			);
			runOnlyForDeploymentPostprocessing = 0;
		};
		2B32E7D62D94809900C92C75 /* Frameworks */ = {
			isa = PBXFrameworksBuildPhase;
			buildActionMask = 2147483647;
			files = (
			);
			runOnlyForDeploymentPostprocessing = 0;
		};
/* End PBXFrameworksBuildPhase section */

/* Begin PBXGroup section */
		2B32E7B12D94809700C92C75 = {
			isa = PBXGroup;
			children = (
				2BB67E1D2D9C54D6009F8E3D /* Packages */,
				2B32E7BC2D94809700C92C75 /* PsyConnect */,
				2B32E7D22D94809900C92C75 /* PsyConnectTests */,
				2B32E7DC2D94809900C92C75 /* PsyConnectUITests */,
				2B32E7BB2D94809700C92C75 /* Products */,
			);
			sourceTree = "<group>";
		};
		2B32E7BB2D94809700C92C75 /* Products */ = {
			isa = PBXGroup;
			children = (
				2B32E7BA2D94809700C92C75 /* PsyConnect.app */,
				2B32E7CF2D94809900C92C75 /* PsyConnectTests.xctest */,
				2B32E7D92D94809900C92C75 /* PsyConnectUITests.xctest */,
			);
			name = Products;
			sourceTree = "<group>";
		};
		2B32E7BC2D94809700C92C75 /* PsyConnect */ = {
			isa = PBXGroup;
			children = (
				2B32E7BD2D94809700C92C75 /* PsyConnectApp.swift */,
				2B32E7BF2D94809700C92C75 /* ContentView.swift */,
				2B32E7C12D94809800C92C75 /* Assets.xcassets */,
				2B32E7C62D94809900C92C75 /* Persistence.swift */,
				2B32E7C82D94809900C92C75 /* PsyConnect.xcdatamodeld */,
				2B32E7C32D94809900C92C75 /* Preview Content */,
			);
			path = PsyConnect;
			sourceTree = "<group>";
		};
		2B32E7C32D94809900C92C75 /* Preview Content */ = {
			isa = PBXGroup;
			children = (
				2B32E7C42D94809900C92C75 /* Preview Assets.xcassets */,
			);
			path = "Preview Content";
			sourceTree = "<group>";
		};
		2B32E7D22D94809900C92C75 /* PsyConnectTests */ = {
			isa = PBXGroup;
			children = (
				2B32E7D32D94809900C92C75 /* PsyConnectTests.swift */,
			);
			path = PsyConnectTests;
			sourceTree = "<group>";
		};
		2B32E7DC2D94809900C92C75 /* PsyConnectUITests */ = {
			isa = PBXGroup;
			children = (
				2B32E7DD2D94809900C92C75 /* PsyConnectUITests.swift */,
				2B32E7DF2D94809900C92C75 /* PsyConnectUITestsLaunchTests.swift */,
			);
			path = PsyConnectUITests;
			sourceTree = "<group>";
		};
		2BB67E1D2D9C54D6009F8E3D /* Packages */ = {
			isa = PBXGroup;
			children = (
				2BB67E1E2D9C54D6009F8E3D /* aws-sdk-swift */,
			);
			name = Packages;
			sourceTree = "<group>";
		};
/* End PBXGroup section */

/* Begin PBXNativeTarget section */
		2B32E7B92D94809700C92C75 /* PsyConnect */ = {
			isa = PBXNativeTarget;
			buildConfigurationList = 2B32E7E32D94809900C92C75 /* Build configuration list for PBXNativeTarget "PsyConnect" */;
			buildPhases = (
				2B32E7B62D94809700C92C75 /* Sources */,
				2B32E7B72D94809700C92C75 /* Frameworks */,
				2B32E7B82D94809700C92C75 /* Resources */,
			);
			buildRules = (
			);
			dependencies = (
			);
			name = PsyConnect;
			productName = PsyConnect;
			productReference = 2B32E7BA2D94809700C92C75 /* PsyConnect.app */;
			productType = "com.apple.product-type.application";
		};
		2B32E7CE2D94809900C92C75 /* PsyConnectTests */ = {
			isa = PBXNativeTarget;
			buildConfigurationList = 2B32E7E62D94809900C92C75 /* Build configuration list for PBXNativeTarget "PsyConnectTests" */;
			buildPhases = (
				2B32E7CB2D94809900C92C75 /* Sources */,
				2B32E7CC2D94809900C92C75 /* Frameworks */,
				2B32E7CD2D94809900C92C75 /* Resources */,
			);
			buildRules = (
			);
			dependencies = (
				2B32E7D12D94809900C92C75 /* PBXTargetDependency */,
			);
			name = PsyConnectTests;
			productName = PsyConnectTests;
			productReference = 2B32E7CF2D94809900C92C75 /* PsyConnectTests.xctest */;
			productType = "com.apple.product-type.bundle.unit-test";
		};
		2B32E7D82D94809900C92C75 /* PsyConnectUITests */ = {
			isa = PBXNativeTarget;
			buildConfigurationList = 2B32E7E92D94809900C92C75 /* Build configuration list for PBXNativeTarget "PsyConnectUITests" */;
			buildPhases = (
				2B32E7D52D94809900C92C75 /* Sources */,
				2B32E7D62D94809900C92C75 /* Frameworks */,
				2B32E7D72D94809900C92C75 /* Resources */,
			);
			buildRules = (
			);
			dependencies = (
				2B32E7DB2D94809900C92C75 /* PBXTargetDependency */,
			);
			name = PsyConnectUITests;
			productName = PsyConnectUITests;
			productReference = 2B32E7D92D94809900C92C75 /* PsyConnectUITests.xctest */;
			productType = "com.apple.product-type.bundle.ui-testing";
		};
/* End PBXNativeTarget section */

/* Begin PBXProject section */
		2B32E7B22D94809700C92C75 /* Project object */ = {
			isa = PBXProject;
			attributes = {
				BuildIndependentTargetsInParallel = 1;
				LastSwiftUpdateCheck = 1320;
				LastUpgradeCheck = 1320;
				TargetAttributes = {
					2B32E7B92D94809700C92C75 = {
						CreatedOnToolsVersion = 13.2.1;
					};
					2B32E7CE2D94809900C92C75 = {
						CreatedOnToolsVersion = 13.2.1;
						TestTargetID = 2B32E7B92D94809700C92C75;
					};
					2B32E7D82D94809900C92C75 = {
						CreatedOnToolsVersion = 13.2.1;
						TestTargetID = 2B32E7B92D94809700C92C75;
					};
				};
			};
			buildConfigurationList = 2B32E7B52D94809700C92C75 /* Build configuration list for PBXProject "PsyConnect" */;
			compatibilityVersion = "Xcode 13.0";
			developmentRegion = en;
			hasScannedForEncodings = 0;
			knownRegions = (
				en,
				Base,
			);
			mainGroup = 2B32E7B12D94809700C92C75;
			productRefGroup = 2B32E7BB2D94809700C92C75 /* Products */;
			projectDirPath = "";
			projectRoot = "";
			targets = (
				2B32E7B92D94809700C92C75 /* PsyConnect */,
				2B32E7CE2D94809900C92C75 /* PsyConnectTests */,
				2B32E7D82D94809900C92C75 /* PsyConnectUITests */,
			);
		};
/* End PBXProject section */

/* Begin PBXResourcesBuildPhase section */
		2B32E7B82D94809700C92C75 /* Resources */ = {
			isa = PBXResourcesBuildPhase;
			buildActionMask = 2147483647;
			files = (
				2B32E7C52D94809900C92C75 /* Preview Assets.xcassets in Resources */,
				2B32E7C22D94809800C92C75 /* Assets.xcassets in Resources */,
			);
			runOnlyForDeploymentPostprocessing = 0;
		};
		2B32E7CD2D94809900C92C75 /* Resources */ = {
			isa = PBXResourcesBuildPhase;
			buildActionMask = 2147483647;
			files = (
			);
			runOnlyForDeploymentPostprocessing = 0;
		};
		2B32E7D72D94809900C92C75 /* Resources */ = {
			isa = PBXResourcesBuildPhase;
			buildActionMask = 2147483647;
			files = (
			);
			runOnlyForDeploymentPostprocessing = 0;
		};
/* End PBXResourcesBuildPhase section */

/* Begin PBXSourcesBuildPhase section */
		2B32E7B62D94809700C92C75 /* Sources */ = {
			isa = PBXSourcesBuildPhase;
			buildActionMask = 2147483647;
			files = (
				2B32E7C72D94809900C92C75 /* Persistence.swift in Sources */,
				2B32E7CA2D94809900C92C75 /* PsyConnect.xcdatamodeld in Sources */,
				2B32E7C02D94809700C92C75 /* ContentView.swift in Sources */,
				2B32E7BE2D94809700C92C75 /* PsyConnectApp.swift in Sources */,
			);
			runOnlyForDeploymentPostprocessing = 0;
		};
		2B32E7CB2D94809900C92C75 /* Sources */ = {
			isa = PBXSourcesBuildPhase;
			buildActionMask = 2147483647;
			files = (
				2B32E7D42D94809900C92C75 /* PsyConnectTests.swift in Sources */,
			);
			runOnlyForDeploymentPostprocessing = 0;
		};
		2B32E7D52D94809900C92C75 /* Sources */ = {
			isa = PBXSourcesBuildPhase;
			buildActionMask = 2147483647;
			files = (
				2B32E7E02D94809900C92C75 /* PsyConnectUITestsLaunchTests.swift in Sources */,
				2B32E7DE2D94809900C92C75 /* PsyConnectUITests.swift in Sources */,
			);
			runOnlyForDeploymentPostprocessing = 0;
		};
/* End PBXSourcesBuildPhase section */

/* Begin PBXTargetDependency section */
		2B32E7D12D94809900C92C75 /* PBXTargetDependency */ = {
			isa = PBXTargetDependency;
			target = 2B32E7B92D94809700C92C75 /* PsyConnect */;
			targetProxy = 2B32E7D02D94809900C92C75 /* PBXContainerItemProxy */;
		};
		2B32E7DB2D94809900C92C75 /* PBXTargetDependency */ = {
			isa = PBXTargetDependency;
			target = 2B32E7B92D94809700C92C75 /* PsyConnect */;
			targetProxy = 2B32E7DA2D94809900C92C75 /* PBXContainerItemProxy */;
		};
/* End PBXTargetDependency section */

/* Begin XCBuildConfiguration section */
		2B32E7E12D94809900C92C75 /* Debug */ = {
			isa = XCBuildConfiguration;
			buildSettings = {
				ALWAYS_SEARCH_USER_PATHS = NO;
				CLANG_ANALYZER_NONNULL = YES;
				CLANG_ANALYZER_NUMBER_OBJECT_CONVERSION = YES_AGGRESSIVE;
				CLANG_CXX_LANGUAGE_STANDARD = "gnu++17";
				CLANG_CXX_LIBRARY = "libc++";
				CLANG_ENABLE_MODULES = YES;
				CLANG_ENABLE_OBJC_ARC = YES;
				CLANG_ENABLE_OBJC_WEAK = YES;
				CLANG_WARN_BLOCK_CAPTURE_AUTORELEASING = YES;
				CLANG_WARN_BOOL_CONVERSION = YES;
				CLANG_WARN_COMMA = YES;
				CLANG_WARN_CONSTANT_CONVERSION = YES;
				CLANG_WARN_DEPRECATED_OBJC_IMPLEMENTATIONS = YES;
				CLANG_WARN_DIRECT_OBJC_ISA_USAGE = YES_ERROR;
				CLANG_WARN_DOCUMENTATION_COMMENTS = YES;
				CLANG_WARN_EMPTY_BODY = YES;
				CLANG_WARN_ENUM_CONVERSION = YES;
				CLANG_WARN_INFINITE_RECURSION = YES;
				CLANG_WARN_INT_CONVERSION = YES;
				CLANG_WARN_NON_LITERAL_NULL_CONVERSION = YES;
				CLANG_WARN_OBJC_IMPLICIT_RETAIN_SELF = YES;
				CLANG_WARN_OBJC_LITERAL_CONVERSION = YES;
				CLANG_WARN_OBJC_ROOT_CLASS = YES_ERROR;
				CLANG_WARN_QUOTED_INCLUDE_IN_FRAMEWORK_HEADER = YES;
				CLANG_WARN_RANGE_LOOP_ANALYSIS = YES;
				CLANG_WARN_STRICT_PROTOTYPES = YES;
				CLANG_WARN_SUSPICIOUS_MOVE = YES;
				CLANG_WARN_UNGUARDED_AVAILABILITY = YES_AGGRESSIVE;
				CLANG_WARN_UNREACHABLE_CODE = YES;
				CLANG_WARN__DUPLICATE_METHOD_MATCH = YES;
				COPY_PHASE_STRIP = NO;
				DEBUG_INFORMATION_FORMAT = dwarf;
				ENABLE_STRICT_OBJC_MSGSEND = YES;
				ENABLE_TESTABILITY = YES;
				GCC_C_LANGUAGE_STANDARD = gnu11;
				GCC_DYNAMIC_NO_PIC = NO;
				GCC_NO_COMMON_BLOCKS = YES;
				GCC_OPTIMIZATION_LEVEL = 0;
				GCC_PREPROCESSOR_DEFINITIONS = (
					"DEBUG=1",
					"$(inherited)",
				);
				GCC_WARN_64_TO_32_BIT_CONVERSION = YES;
				GCC_WARN_ABOUT_RETURN_TYPE = YES_ERROR;
				GCC_WARN_UNDECLARED_SELECTOR = YES;
				GCC_WARN_UNINITIALIZED_AUTOS = YES_AGGRESSIVE;
				GCC_WARN_UNUSED_FUNCTION = YES;
				GCC_WARN_UNUSED_VARIABLE = YES;
				IPHONEOS_DEPLOYMENT_TARGET = 15.2;
				MTL_ENABLE_DEBUG_INFO = INCLUDE_SOURCE;
				MTL_FAST_MATH = YES;
				ONLY_ACTIVE_ARCH = YES;
				SDKROOT = iphoneos;
				SWIFT_ACTIVE_COMPILATION_CONDITIONS = DEBUG;
				SWIFT_OPTIMIZATION_LEVEL = "-Onone";
			};
			name = Debug;
		};
		2B32E7E22D94809900C92C75 /* Release */ = {
			isa = XCBuildConfiguration;
			buildSettings = {
				ALWAYS_SEARCH_USER_PATHS = NO;
				CLANG_ANALYZER_NONNULL = YES;
				CLANG_ANALYZER_NUMBER_OBJECT_CONVERSION = YES_AGGRESSIVE;
				CLANG_CXX_LANGUAGE_STANDARD = "gnu++17";
				CLANG_CXX_LIBRARY = "libc++";
				CLANG_ENABLE_MODULES = YES;
				CLANG_ENABLE_OBJC_ARC = YES;
				CLANG_ENABLE_OBJC_WEAK = YES;
				CLANG_WARN_BLOCK_CAPTURE_AUTORELEASING = YES;
				CLANG_WARN_BOOL_CONVERSION = YES;
				CLANG_WARN_COMMA = YES;
				CLANG_WARN_CONSTANT_CONVERSION = YES;
				CLANG_WARN_DEPRECATED_OBJC_IMPLEMENTATIONS = YES;
				CLANG_WARN_DIRECT_OBJC_ISA_USAGE = YES_ERROR;
				CLANG_WARN_DOCUMENTATION_COMMENTS = YES;
				CLANG_WARN_EMPTY_BODY = YES;
				CLANG_WARN_ENUM_CONVERSION = YES;
				CLANG_WARN_INFINITE_RECURSION = YES;
				CLANG_WARN_INT_CONVERSION = YES;
				CLANG_WARN_NON_LITERAL_NULL_CONVERSION = YES;
				CLANG_WARN_OBJC_IMPLICIT_RETAIN_SELF = YES;
				CLANG_WARN_OBJC_LITERAL_CONVERSION = YES;
				CLANG_WARN_OBJC_ROOT_CLASS = YES_ERROR;
				CLANG_WARN_QUOTED_INCLUDE_IN_FRAMEWORK_HEADER = YES;
				CLANG_WARN_RANGE_LOOP_ANALYSIS = YES;
				CLANG_WARN_STRICT_PROTOTYPES = YES;
				CLANG_WARN_SUSPICIOUS_MOVE = YES;
				CLANG_WARN_UNGUARDED_AVAILABILITY = YES_AGGRESSIVE;
				CLANG_WARN_UNREACHABLE_CODE = YES;
				CLANG_WARN__DUPLICATE_METHOD_MATCH = YES;
				COPY_PHASE_STRIP = NO;
				DEBUG_INFORMATION_FORMAT = "dwarf-with-dsym";
				ENABLE_NS_ASSERTIONS = NO;
				ENABLE_STRICT_OBJC_MSGSEND = YES;
				GCC_C_LANGUAGE_STANDARD = gnu11;
				GCC_NO_COMMON_BLOCKS = YES;
				GCC_WARN_64_TO_32_BIT_CONVERSION = YES;
				GCC_WARN_ABOUT_RETURN_TYPE = YES_ERROR;
				GCC_WARN_UNDECLARED_SELECTOR = YES;
				GCC_WARN_UNINITIALIZED_AUTOS = YES_AGGRESSIVE;
				GCC_WARN_UNUSED_FUNCTION = YES;
				GCC_WARN_UNUSED_VARIABLE = YES;
				IPHONEOS_DEPLOYMENT_TARGET = 15.2;
				MTL_ENABLE_DEBUG_INFO = NO;
				MTL_FAST_MATH = YES;
				SDKROOT = iphoneos;
				SWIFT_COMPILATION_MODE = wholemodule;
				SWIFT_OPTIMIZATION_LEVEL = "-O";
				VALIDATE_PRODUCT = YES;
			};
			name = Release;
		};
		2B32E7E42D94809900C92C75 /* Debug */ = {
			isa = XCBuildConfiguration;
			buildSettings = {
				ASSETCATALOG_COMPILER_APPICON_NAME = AppIcon;
				ASSETCATALOG_COMPILER_GLOBAL_ACCENT_COLOR_NAME = AccentColor;
				CODE_SIGN_STYLE = Automatic;
				CURRENT_PROJECT_VERSION = 1;
				DEVELOPMENT_ASSET_PATHS = "\"PsyConnect/Preview Content\"";
				DEVELOPMENT_TEAM = 8V8TM669KV;
				ENABLE_PREVIEWS = YES;
				GENERATE_INFOPLIST_FILE = YES;
				INFOPLIST_KEY_UIApplicationSceneManifest_Generation = YES;
				INFOPLIST_KEY_UIApplicationSupportsIndirectInputEvents = YES;
				INFOPLIST_KEY_UILaunchScreen_Generation = YES;
				INFOPLIST_KEY_UISupportedInterfaceOrientations_iPad = "UIInterfaceOrientationPortrait UIInterfaceOrientationPortraitUpsideDown UIInterfaceOrientationLandscapeLeft UIInterfaceOrientationLandscapeRight";
				INFOPLIST_KEY_UISupportedInterfaceOrientations_iPhone = "UIInterfaceOrientationPortrait UIInterfaceOrientationLandscapeLeft UIInterfaceOrientationLandscapeRight";
				LD_RUNPATH_SEARCH_PATHS = (
					"$(inherited)",
					"@executable_path/Frameworks",
				);
				MARKETING_VERSION = 1.0;
				PRODUCT_BUNDLE_IDENTIFIER = Alpha.PsyConnect;
				PRODUCT_NAME = "$(TARGET_NAME)";
				SWIFT_EMIT_LOC_STRINGS = YES;
				SWIFT_VERSION = 5.0;
				TARGETED_DEVICE_FAMILY = "1,2";
			};
			name = Debug;
		};
		2B32E7E52D94809900C92C75 /* Release */ = {
			isa = XCBuildConfiguration;
			buildSettings = {
				ASSETCATALOG_COMPILER_APPICON_NAME = AppIcon;
				ASSETCATALOG_COMPILER_GLOBAL_ACCENT_COLOR_NAME = AccentColor;
				CODE_SIGN_STYLE = Automatic;
				CURRENT_PROJECT_VERSION = 1;
				DEVELOPMENT_ASSET_PATHS = "\"PsyConnect/Preview Content\"";
				DEVELOPMENT_TEAM = 8V8TM669KV;
				ENABLE_PREVIEWS = YES;
				GENERATE_INFOPLIST_FILE = YES;
				INFOPLIST_KEY_UIApplicationSceneManifest_Generation = YES;
				INFOPLIST_KEY_UIApplicationSupportsIndirectInputEvents = YES;
				INFOPLIST_KEY_UILaunchScreen_Generation = YES;
				INFOPLIST_KEY_UISupportedInterfaceOrientations_iPad = "UIInterfaceOrientationPortrait UIInterfaceOrientationPortraitUpsideDown UIInterfaceOrientationLandscapeLeft UIInterfaceOrientationLandscapeRight";
				INFOPLIST_KEY_UISupportedInterfaceOrientations_iPhone = "UIInterfaceOrientationPortrait UIInterfaceOrientationLandscapeLeft UIInterfaceOrientationLandscapeRight";
				LD_RUNPATH_SEARCH_PATHS = (
					"$(inherited)",
					"@executable_path/Frameworks",
				);
				MARKETING_VERSION = 1.0;
				PRODUCT_BUNDLE_IDENTIFIER = Alpha.PsyConnect;
				PRODUCT_NAME = "$(TARGET_NAME)";
				SWIFT_EMIT_LOC_STRINGS = YES;
				SWIFT_VERSION = 5.0;
				TARGETED_DEVICE_FAMILY = "1,2";
			};
			name = Release;
		};
		2B32E7E72D94809900C92C75 /* Debug */ = {
			isa = XCBuildConfiguration;
			buildSettings = {
				ALWAYS_EMBED_SWIFT_STANDARD_LIBRARIES = YES;
				BUNDLE_LOADER = "$(TEST_HOST)";
				CODE_SIGN_STYLE = Automatic;
				CURRENT_PROJECT_VERSION = 1;
				DEVELOPMENT_TEAM = 8V8TM669KV;
				GENERATE_INFOPLIST_FILE = YES;
				IPHONEOS_DEPLOYMENT_TARGET = 15.2;
				MARKETING_VERSION = 1.0;
				PRODUCT_BUNDLE_IDENTIFIER = Alpha.PsyConnectTests;
				PRODUCT_NAME = "$(TARGET_NAME)";
				SWIFT_EMIT_LOC_STRINGS = NO;
				SWIFT_VERSION = 5.0;
				TARGETED_DEVICE_FAMILY = "1,2";
				TEST_HOST = "$(BUILT_PRODUCTS_DIR)/PsyConnect.app/PsyConnect";
			};
			name = Debug;
		};
		2B32E7E82D94809900C92C75 /* Release */ = {
			isa = XCBuildConfiguration;
			buildSettings = {
				ALWAYS_EMBED_SWIFT_STANDARD_LIBRARIES = YES;
				BUNDLE_LOADER = "$(TEST_HOST)";
				CODE_SIGN_STYLE = Automatic;
				CURRENT_PROJECT_VERSION = 1;
				DEVELOPMENT_TEAM = 8V8TM669KV;
				GENERATE_INFOPLIST_FILE = YES;
				IPHONEOS_DEPLOYMENT_TARGET = 15.2;
				MARKETING_VERSION = 1.0;
				PRODUCT_BUNDLE_IDENTIFIER = Alpha.PsyConnectTests;
				PRODUCT_NAME = "$(TARGET_NAME)";
				SWIFT_EMIT_LOC_STRINGS = NO;
				SWIFT_VERSION = 5.0;
				TARGETED_DEVICE_FAMILY = "1,2";
				TEST_HOST = "$(BUILT_PRODUCTS_DIR)/PsyConnect.app/PsyConnect";
			};
			name = Release;
		};
		2B32E7EA2D94809900C92C75 /* Debug */ = {
			isa = XCBuildConfiguration;
			buildSettings = {
				ALWAYS_EMBED_SWIFT_STANDARD_LIBRARIES = YES;
				CODE_SIGN_STYLE = Automatic;
				CURRENT_PROJECT_VERSION = 1;
				DEVELOPMENT_TEAM = 8V8TM669KV;
				GENERATE_INFOPLIST_FILE = YES;
				MARKETING_VERSION = 1.0;
				PRODUCT_BUNDLE_IDENTIFIER = Alpha.PsyConnectUITests;
				PRODUCT_NAME = "$(TARGET_NAME)";
				SWIFT_EMIT_LOC_STRINGS = NO;
				SWIFT_VERSION = 5.0;
				TARGETED_DEVICE_FAMILY = "1,2";
				TEST_TARGET_NAME = PsyConnect;
			};
			name = Debug;
		};
		2B32E7EB2D94809900C92C75 /* Release */ = {
			isa = XCBuildConfiguration;
			buildSettings = {
				ALWAYS_EMBED_SWIFT_STANDARD_LIBRARIES = YES;
				CODE_SIGN_STYLE = Automatic;
				CURRENT_PROJECT_VERSION = 1;
				DEVELOPMENT_TEAM = 8V8TM669KV;
				GENERATE_INFOPLIST_FILE = YES;
				MARKETING_VERSION = 1.0;
				PRODUCT_BUNDLE_IDENTIFIER = Alpha.PsyConnectUITests;
				PRODUCT_NAME = "$(TARGET_NAME)";
				SWIFT_EMIT_LOC_STRINGS = NO;
				SWIFT_VERSION = 5.0;
				TARGETED_DEVICE_FAMILY = "1,2";
				TEST_TARGET_NAME = PsyConnect;
			};
			name = Release;
		};
/* End XCBuildConfiguration section */

/* Begin XCConfigurationList section */
		2B32E7B52D94809700C92C75 /* Build configuration list for PBXProject "PsyConnect" */ = {
			isa = XCConfigurationList;
			buildConfigurations = (
				2B32E7E12D94809900C92C75 /* Debug */,
				2B32E7E22D94809900C92C75 /* Release */,
			);
			defaultConfigurationIsVisible = 0;
			defaultConfigurationName = Release;
		};
		2B32E7E32D94809900C92C75 /* Build configuration list for PBXNativeTarget "PsyConnect" */ = {
			isa = XCConfigurationList;
			buildConfigurations = (
				2B32E7E42D94809900C92C75 /* Debug */,
				2B32E7E52D94809900C92C75 /* Release */,
			);
			defaultConfigurationIsVisible = 0;
			defaultConfigurationName = Release;
		};
		2B32E7E62D94809900C92C75 /* Build configuration list for PBXNativeTarget "PsyConnectTests" */ = {
			isa = XCConfigurationList;
			buildConfigurations = (
				2B32E7E72D94809900C92C75 /* Debug */,
				2B32E7E82D94809900C92C75 /* Release */,
			);
			defaultConfigurationIsVisible = 0;
			defaultConfigurationName = Release;
		};
		2B32E7E92D94809900C92C75 /* Build configuration list for PBXNativeTarget "PsyConnectUITests" */ = {
			isa = XCConfigurationList;
			buildConfigurations = (
				2B32E7EA2D94809900C92C75 /* Debug */,
				2B32E7EB2D94809900C92C75 /* Release */,
			);
			defaultConfigurationIsVisible = 0;
			defaultConfigurationName = Release;
		};
/* End XCConfigurationList section */

/* Begin XCVersionGroup section */
		2B32E7C82D94809900C92C75 /* PsyConnect.xcdatamodeld */ = {
			isa = XCVersionGroup;
			children = (
				2B32E7C92D94809900C92C75 /* PsyConnect.xcdatamodel */,
			);
			currentVersion = 2B32E7C92D94809900C92C75 /* PsyConnect.xcdatamodel */;
			path = PsyConnect.xcdatamodeld;
			sourceTree = "<group>";
			versionGroupType = wrapper.xcdatamodel;
		};
/* End XCVersionGroup section */
	};
	rootObject = 2B32E7B22D94809700C92C75 /* Project object */;
}
